
Microsoft Visual Studio Solution File, Format Version 12.00
# Visual Studio Version 16
VisualStudioVersion = 16.0.31313.79
MinimumVisualStudioVersion = 10.0.40219.1
Project("{8BC9CEB8-8B4A-11D0-8D11-00A0C91BC942}") = "RCONClientCross", "RCONClientCross\vs_projects\RCONClientCross.vcxproj", "{0E39C29B-0F0C-4551-BDEE-EAF2EF292F42}"
EndProject
Project("{8BC9CEB8-8B4A-11D0-8D11-00A0C91BC942}") = "RCONClientCrossWin", "RCONClientCross\vs_projects\RCONClientCrossWin.vcxproj", "{7A7C48C1-194B-4A35-9A2E-CA4B5C827265}"
EndProject
Project("{8BC9CEB8-8B4A-11D0-8D11-00A0C91BC942}") = "rconpp_linux", "RCONClientCross\vs_projects\rconpp_linux.vcxproj", "{7BA56D3C-BC45-428B-A665-B2096640A4BA}"
EndProject
Project("{8BC9CEB8-8B4A-11D0-8D11-00A0C91BC942}") = "rconpp_win", "RCONClientCross\vs_projects\rconpp_win.vcxproj", "{340956BF-C35F-4893-B51D-AFA70C362491}"
EndProject
Global
	GlobalSection(SolutionConfigurationPlatforms) = preSolution
		Debug|ARM = Debug|ARM
		Debug|ARM64 = Debug|ARM64
		Debug|x64 = Debug|x64
		Debug|x86 = Debug|x86
		Release|ARM = Release|ARM
		Release|ARM64 = Release|ARM64
		Release|x64 = Release|x64
		Release|x86 = Release|x86
	EndGlobalSection
	GlobalSection(ProjectConfigurationPlatforms) = postSolution
		{0E39C29B-0F0C-4551-BDEE-EAF2EF292F42}.Debug|ARM.ActiveCfg = Debug|ARM
		{0E39C29B-0F0C-4551-BDEE-EAF2EF292F42}.Debug|ARM.Build.0 = Debug|ARM
		{0E39C29B-0F0C-4551-BDEE-EAF2EF292F42}.Debug|ARM.Deploy.0 = Debug|ARM
		{0E39C29B-0F0C-4551-BDEE-EAF2EF292F42}.Debug|ARM64.ActiveCfg = Debug|ARM64
		{0E39C29B-0F0C-4551-BDEE-EAF2EF292F42}.Debug|ARM64.Build.0 = Debug|ARM64
		{0E39C29B-0F0C-4551-BDEE-EAF2EF292F42}.Debug|ARM64.Deploy.0 = Debug|ARM64
		{0E39C29B-0F0C-4551-BDEE-EAF2EF292F42}.Debug|x64.ActiveCfg = Debug|x64
		{0E39C29B-0F0C-4551-BDEE-EAF2EF292F42}.Debug|x64.Build.0 = Debug|x64
		{0E39C29B-0F0C-4551-BDEE-EAF2EF292F42}.Debug|x64.Deploy.0 = Debug|x64
		{0E39C29B-0F0C-4551-BDEE-EAF2EF292F42}.Debug|x86.ActiveCfg = Debug|x86
		{0E39C29B-0F0C-4551-BDEE-EAF2EF292F42}.Debug|x86.Build.0 = Debug|x86
		{0E39C29B-0F0C-4551-BDEE-EAF2EF292F42}.Debug|x86.Deploy.0 = Debug|x86
		{0E39C29B-0F0C-4551-BDEE-EAF2EF292F42}.Release|ARM.ActiveCfg = Release|ARM
		{0E39C29B-0F0C-4551-BDEE-EAF2EF292F42}.Release|ARM.Build.0 = Release|ARM
		{0E39C29B-0F0C-4551-BDEE-EAF2EF292F42}.Release|ARM.Deploy.0 = Release|ARM
		{0E39C29B-0F0C-4551-BDEE-EAF2EF292F42}.Release|ARM64.ActiveCfg = Release|ARM64
		{0E39C29B-0F0C-4551-BDEE-EAF2EF292F42}.Release|ARM64.Build.0 = Release|ARM64
		{0E39C29B-0F0C-4551-BDEE-EAF2EF292F42}.Release|ARM64.Deploy.0 = Release|ARM64
		{0E39C29B-0F0C-4551-BDEE-EAF2EF292F42}.Release|x64.ActiveCfg = Release|x64
		{0E39C29B-0F0C-4551-BDEE-EAF2EF292F42}.Release|x64.Build.0 = Release|x64
		{0E39C29B-0F0C-4551-BDEE-EAF2EF292F42}.Release|x64.Deploy.0 = Release|x64
		{0E39C29B-0F0C-4551-BDEE-EAF2EF292F42}.Release|x86.ActiveCfg = Release|x86
		{0E39C29B-0F0C-4551-BDEE-EAF2EF292F42}.Release|x86.Build.0 = Release|x86
		{0E39C29B-0F0C-4551-BDEE-EAF2EF292F42}.Release|x86.Deploy.0 = Release|x86
		{7A7C48C1-194B-4A35-9A2E-CA4B5C827265}.Debug|ARM.ActiveCfg = Debug|Win32
		{7A7C48C1-194B-4A35-9A2E-CA4B5C827265}.Debug|ARM64.ActiveCfg = Debug|Win32
		{7A7C48C1-194B-4A35-9A2E-CA4B5C827265}.Debug|x64.ActiveCfg = Debug|x64
		{7A7C48C1-194B-4A35-9A2E-CA4B5C827265}.Debug|x64.Build.0 = Debug|x64
		{7A7C48C1-194B-4A35-9A2E-CA4B5C827265}.Debug|x86.ActiveCfg = Debug|Win32
		{7A7C48C1-194B-4A35-9A2E-CA4B5C827265}.Debug|x86.Build.0 = Debug|Win32
		{7A7C48C1-194B-4A35-9A2E-CA4B5C827265}.Release|ARM.ActiveCfg = Release|Win32
		{7A7C48C1-194B-4A35-9A2E-CA4B5C827265}.Release|ARM64.ActiveCfg = Release|Win32
		{7A7C48C1-194B-4A35-9A2E-CA4B5C827265}.Release|x64.ActiveCfg = Release|x64
		{7A7C48C1-194B-4A35-9A2E-CA4B5C827265}.Release|x64.Build.0 = Release|x64
		{7A7C48C1-194B-4A35-9A2E-CA4B5C827265}.Release|x86.ActiveCfg = Release|Win32
		{7A7C48C1-194B-4A35-9A2E-CA4B5C827265}.Release|x86.Build.0 = Release|Win32
		{7BA56D3C-BC45-428B-A665-B2096640A4BA}.Debug|ARM.ActiveCfg = Debug|ARM
		{7BA56D3C-BC45-428B-A665-B2096640A4BA}.Debug|ARM.Build.0 = Debug|ARM
		{7BA56D3C-BC45-428B-A665-B2096640A4BA}.Debug|ARM.Deploy.0 = Debug|ARM
		{7BA56D3C-BC45-428B-A665-B2096640A4BA}.Debug|ARM64.ActiveCfg = Debug|ARM64
		{7BA56D3C-BC45-428B-A665-B2096640A4BA}.Debug|ARM64.Build.0 = Debug|ARM64
		{7BA56D3C-BC45-428B-A665-B2096640A4BA}.Debug|ARM64.Deploy.0 = Debug|ARM64
		{7BA56D3C-BC45-428B-A665-B2096640A4BA}.Debug|x64.ActiveCfg = Debug|x64
		{7BA56D3C-BC45-428B-A665-B2096640A4BA}.Debug|x64.Build.0 = Debug|x64
		{7BA56D3C-BC45-428B-A665-B2096640A4BA}.Debug|x64.Deploy.0 = Debug|x64
		{7BA56D3C-BC45-428B-A665-B2096640A4BA}.Debug|x86.ActiveCfg = Debug|x86
		{7BA56D3C-BC45-428B-A665-B2096640A4BA}.Debug|x86.Build.0 = Debug|x86
		{7BA56D3C-BC45-428B-A665-B2096640A4BA}.Debug|x86.Deploy.0 = Debug|x86
		{7BA56D3C-BC45-428B-A665-B2096640A4BA}.Release|ARM.ActiveCfg = Release|ARM
		{7BA56D3C-BC45-428B-A665-B2096640A4BA}.Release|ARM.Build.0 = Release|ARM
		{7BA56D3C-BC45-428B-A665-B2096640A4BA}.Release|ARM.Deploy.0 = Release|ARM
		{7BA56D3C-BC45-428B-A665-B2096640A4BA}.Release|ARM64.ActiveCfg = Release|ARM64
		{7BA56D3C-BC45-428B-A665-B2096640A4BA}.Release|ARM64.Build.0 = Release|ARM64
		{7BA56D3C-BC45-428B-A665-B2096640A4BA}.Release|ARM64.Deploy.0 = Release|ARM64
		{7BA56D3C-BC45-428B-A665-B2096640A4BA}.Release|x64.ActiveCfg = Release|x64
		{7BA56D3C-BC45-428B-A665-B2096640A4BA}.Release|x64.Build.0 = Release|x64
		{7BA56D3C-BC45-428B-A665-B2096640A4BA}.Release|x64.Deploy.0 = Release|x64
		{7BA56D3C-BC45-428B-A665-B2096640A4BA}.Release|x86.ActiveCfg = Release|x86
		{7BA56D3C-BC45-428B-A665-B2096640A4BA}.Release|x86.Build.0 = Release|x86
		{7BA56D3C-BC45-428B-A665-B2096640A4BA}.Release|x86.Deploy.0 = Release|x86
		{340956BF-C35F-4893-B51D-AFA70C362491}.Debug|ARM.ActiveCfg = Debug|Win32
		{340956BF-C35F-4893-B51D-AFA70C362491}.Debug|ARM64.ActiveCfg = Debug|Win32
		{340956BF-C35F-4893-B51D-AFA70C362491}.Debug|x64.ActiveCfg = Debug|x64
		{340956BF-C35F-4893-B51D-AFA70C362491}.Debug|x64.Build.0 = Debug|x64
		{340956BF-C35F-4893-B51D-AFA70C362491}.Debug|x86.ActiveCfg = Debug|Win32
		{340956BF-C35F-4893-B51D-AFA70C362491}.Debug|x86.Build.0 = Debug|Win32
		{340956BF-C35F-4893-B51D-AFA70C362491}.Release|ARM.ActiveCfg = Release|Win32
		{340956BF-C35F-4893-B51D-AFA70C362491}.Release|ARM64.ActiveCfg = Release|Win32
		{340956BF-C35F-4893-B51D-AFA70C362491}.Release|x64.ActiveCfg = Release|x64
		{340956BF-C35F-4893-B51D-AFA70C362491}.Release|x64.Build.0 = Release|x64
		{340956BF-C35F-4893-B51D-AFA70C362491}.Release|x86.ActiveCfg = Release|Win32
		{340956BF-C35F-4893-B51D-AFA70C362491}.Release|x86.Build.0 = Release|Win32
	EndGlobalSection
	GlobalSection(SolutionProperties) = preSolution
		HideSolutionNode = FALSE
	EndGlobalSection
	GlobalSection(ExtensibilityGlobals) = postSolution
		SolutionGuid = {C431C1EA-F7D6-44A6-BA4C-BB4F71E2ECBB}
	EndGlobalSection
EndGlobal
