<?xml version="1.0" encoding="utf-8"?>
<Project ToolsVersion="16.0" xmlns="http://schemas.microsoft.com/developer/msbuild/2003">
  <ItemGroup>
    <CustomBuild Include="H:\VS2017\C++\RCONClientCross\RCONClientCross\test_win\CMakeFiles\d02d6458c32335bbdfb53bf4e0b1e6ef\INSTALL_force.rule">
      <Filter>CMake Rules</Filter>
    </CustomBuild>
  </ItemGroup>
  <ItemGroup>
    <Filter Include="CMake Rules">
      <UniqueIdentifier>{AE44B13B-B6D8-33E2-BEEC-8723CDB83D50}</UniqueIdentifier>
    </Filter>
  </ItemGroup>
</Project>
